/**
 * Copyright 2025 the original author or authors.
 * <p>
 * Licensed under the Moderne Source Available License (the "License");
 * you may not use this file except in compliance with the License.
 * You may obtain a copy of the License at
 * <p>
 * https://docs.moderne.io/licensing/moderne-source-available-license
 * <p>
 * Unless required by applicable law or agreed to in writing, software
 * distributed under the License is distributed on an "AS IS" BASIS,
 * WITHOUT WARRANTIES OR CONDITIONS OF ANY KIND, either express or implied.
 * See the License for the specific language governing permissions and
 * limitations under the License.
 */
{
    "name": "@mock/super-good-package",
    "version": "1.0.0",
    "lockfileVersion": 3,
    "requires": true,
    "packages": {
        "": {
            "name": "@mock/super-good-package",
            "version": "1.0.0",
            "workspaces": [
                "packages/upvote",
                "packages/*"
            ]
        },
        "node_modules/@mock/too-good": {
            "resolved": "packages/too-good",
            "link": true
        },
        "node_modules/@mock/upvote": {
            "resolved": "packages/upvote",
            "link": true
        },
        "packages/too-good": {
            "name": "@mock/too-good",
            "version": "1.0.0"
        },
        "packages/upvote": {
            "name": "@mock/upvote",
            "version": "1.0.0"
        }
    }
}
