{
    "name": "@mock/super-good-package",
    "version": "1.0.0",
    "lockfileVersion": 3,
    "requires": true,
    "packages": {
        "": {
            "name": "@mock/super-good-package",
            "version": "1.0.0",
            "workspaces": [
                "packages/upvote",
                "packages/*"
            ]
        },
        "node_modules/@mock/too-good": {
            "resolved": "packages/too-good",
            "link": true
        },
        "node_modules/@mock/upvote": {
            "resolved": "packages/upvote",
            "link": true
        },
        "packages/too-good": {
            "name": "@mock/too-good",
            "version": "1.0.0"
        },
        "packages/upvote": {
            "name": "@mock/upvote",
            "version": "1.0.0"
        }
    }
}
